
Microsoft Visual Studio Solution File, Format Version 12.00
# Visual Studio Version 16
VisualStudioVersion = 16.0.29418.71
MinimumVisualStudioVersion = 10.0.40219.1
Project("{FAE04EC0-301F-11D3-BF4B-00C04F79EFBC}") = "QueryStringBuilder", "QueryStringBuilder\QueryStringBuilder.csproj", "{5539E367-D191-418F-985B-36AA97717A91}"
EndProject
Project("{FAE04EC0-301F-11D3-BF4B-00C04F79EFBC}") = "QueryStringBuilder.Abstraction", "QueryStringBuilder.Abstraction\QueryStringBuilder.Abstraction.csproj", "{12601FFF-CCB6-4C1F-B05E-4E9C3F7DA40A}"
EndProject
Project("{FAE04EC0-301F-11D3-BF4B-00C04F79EFBC}") = "QueryStringBuilder.Tests", "QueryStringBuilder.Tests\QueryStringBuilder.Tests.csproj", "{BE5D17F7-63AC-4A66-88E3-955A9CFAC872}"
EndProject
Global
	GlobalSection(SolutionConfigurationPlatforms) = preSolution
		Debug|Any CPU = Debug|Any CPU
		Release|Any CPU = Release|Any CPU
	EndGlobalSection
	GlobalSection(ProjectConfigurationPlatforms) = postSolution
		{5539E367-D191-418F-985B-36AA97717A91}.Debug|Any CPU.ActiveCfg = Debug|Any CPU
		{5539E367-D191-418F-985B-36AA97717A91}.Debug|Any CPU.Build.0 = Debug|Any CPU
		{5539E367-D191-418F-985B-36AA97717A91}.Release|Any CPU.ActiveCfg = Release|Any CPU
		{5539E367-D191-418F-985B-36AA97717A91}.Release|Any CPU.Build.0 = Release|Any CPU
		{12601FFF-CCB6-4C1F-B05E-4E9C3F7DA40A}.Debug|Any CPU.ActiveCfg = Debug|Any CPU
		{12601FFF-CCB6-4C1F-B05E-4E9C3F7DA40A}.Debug|Any CPU.Build.0 = Debug|Any CPU
		{12601FFF-CCB6-4C1F-B05E-4E9C3F7DA40A}.Release|Any CPU.ActiveCfg = Release|Any CPU
		{12601FFF-CCB6-4C1F-B05E-4E9C3F7DA40A}.Release|Any CPU.Build.0 = Release|Any CPU
		{BE5D17F7-63AC-4A66-88E3-955A9CFAC872}.Debug|Any CPU.ActiveCfg = Debug|Any CPU
		{BE5D17F7-63AC-4A66-88E3-955A9CFAC872}.Debug|Any CPU.Build.0 = Debug|Any CPU
		{BE5D17F7-63AC-4A66-88E3-955A9CFAC872}.Release|Any CPU.ActiveCfg = Release|Any CPU
		{BE5D17F7-63AC-4A66-88E3-955A9CFAC872}.Release|Any CPU.Build.0 = Release|Any CPU
	EndGlobalSection
	GlobalSection(SolutionProperties) = preSolution
		HideSolutionNode = FALSE
	EndGlobalSection
	GlobalSection(ExtensibilityGlobals) = postSolution
		SolutionGuid = {5DDA93BB-2B9B-443E-99E1-A232A38C7B69}
	EndGlobalSection
EndGlobal
